PODS:
  - AppAuth (1.7.5):
    - AppAuth/Core (= 1.7.5)
    - AppAuth/ExternalUserAgent (= 1.7.5)
  - AppAuth/Core (1.7.5)
  - AppAuth/ExternalUserAgent (1.7.5):
    - AppAuth/Core
  - appinio_social_share (0.0.1):
    - FBSDKCoreKit (= 17.0.2)
    - FBSDKShareKit (= 17.0.2)
    - Flutter
  - awesome_notifications (0.9.3):
    - Flutter
    - IosAwnCore (~> 0.9.3)
  - FBAEMKit (17.0.2):
    - FBSDKCoreKit_Basics (= 17.0.2)
  - FBSDKCoreKit (17.0.2):
    - FBAEMKit (= 17.0.2)
    - FBSDKCoreKit_Basics (= 17.0.2)
  - FBSDKCoreKit_Basics (17.0.2)
  - FBSDKShareKit (17.0.2):
    - FBSDKCoreKit (= 17.0.2)
  - Firebase/Analytics (11.2.0):
    - Firebase/Core
  - Firebase/Auth (11.2.0):
    - Firebase/CoreOnly
    - FirebaseAuth (~> 11.2.0)
  - Firebase/Core (11.2.0):
    - Firebase/CoreOnly
    - FirebaseAnalytics (~> 11.2.0)
  - Firebase/CoreOnly (11.2.0):
    - FirebaseCore (= 11.2.0)
  - Firebase/Crashlytics (11.2.0):
    - Firebase/CoreOnly
    - FirebaseCrashlytics (~> 11.2.0)
  - Firebase/RemoteConfig (11.2.0):
    - Firebase/CoreOnly
    - FirebaseRemoteConfig (~> 11.2.0)
  - firebase_analytics (11.3.3):
    - Firebase/Analytics (= 11.2.0)
    - firebase_core
    - Flutter
  - firebase_auth (5.3.1):
    - Firebase/Auth (= 11.2.0)
    - firebase_core
    - Flutter
  - firebase_core (3.6.0):
    - Firebase/CoreOnly (= 11.2.0)
    - Flutter
  - firebase_crashlytics (4.1.3):
    - Firebase/Crashlytics (= 11.2.0)
    - firebase_core
    - Flutter
  - firebase_remote_config (5.1.3):
    - Firebase/RemoteConfig (= 11.2.0)
    - firebase_core
    - Flutter
  - FirebaseABTesting (11.2.0):
    - FirebaseCore (~> 11.0)
  - FirebaseAnalytics (11.2.0):
    - FirebaseAnalytics/AdIdSupport (= 11.2.0)
    - FirebaseCore (~> 11.0)
    - FirebaseInstallations (~> 11.0)
    - GoogleUtilities/AppDelegateSwizzler (~> 8.0)
    - GoogleUtilities/MethodSwizzler (~> 8.0)
    - GoogleUtilities/Network (~> 8.0)
    - "GoogleUtilities/NSData+zlib (~> 8.0)"
    - nanopb (~> 3.30910.0)
  - FirebaseAnalytics/AdIdSupport (11.2.0):
    - FirebaseCore (~> 11.0)
    - FirebaseInstallations (~> 11.0)
    - GoogleAppMeasurement (= 11.2.0)
    - GoogleUtilities/AppDelegateSwizzler (~> 8.0)
    - GoogleUtilities/MethodSwizzler (~> 8.0)
    - GoogleUtilities/Network (~> 8.0)
    - "GoogleUtilities/NSData+zlib (~> 8.0)"
    - nanopb (~> 3.30910.0)
  - FirebaseAppCheckInterop (11.2.0)
  - FirebaseAuth (11.2.0):
    - FirebaseAppCheckInterop (~> 11.0)
    - FirebaseAuthInterop (~> 11.0)
    - FirebaseCore (~> 11.0)
    - FirebaseCoreExtension (~> 11.0)
    - GoogleUtilities/AppDelegateSwizzler (~> 8.0)
    - GoogleUtilities/Environment (~> 8.0)
    - GTMSessionFetcher/Core (~> 3.4)
    - RecaptchaInterop (~> 100.0)
  - FirebaseAuthInterop (11.2.0)
  - FirebaseCore (11.2.0):
    - FirebaseCoreInternal (~> 11.0)
    - GoogleUtilities/Environment (~> 8.0)
    - GoogleUtilities/Logger (~> 8.0)
  - FirebaseCoreExtension (11.2.0):
    - FirebaseCore (~> 11.0)
  - FirebaseCoreInternal (11.2.0):
    - "GoogleUtilities/NSData+zlib (~> 8.0)"
  - FirebaseCrashlytics (11.2.0):
    - FirebaseCore (~> 11.0)
    - FirebaseInstallations (~> 11.0)
    - FirebaseRemoteConfigInterop (~> 11.0)
    - FirebaseSessions (~> 11.0)
    - GoogleDataTransport (~> 10.0)
    - GoogleUtilities/Environment (~> 8.0)
    - nanopb (~> 3.30910.0)
    - PromisesObjC (~> 2.4)
  - FirebaseInstallations (11.2.0):
    - FirebaseCore (~> 11.0)
    - GoogleUtilities/Environment (~> 8.0)
    - GoogleUtilities/UserDefaults (~> 8.0)
    - PromisesObjC (~> 2.4)
  - FirebaseRemoteConfig (11.2.0):
    - FirebaseABTesting (~> 11.0)
    - FirebaseCore (~> 11.0)
    - FirebaseInstallations (~> 11.0)
    - FirebaseRemoteConfigInterop (~> 11.0)
    - FirebaseSharedSwift (~> 11.0)
    - GoogleUtilities/Environment (~> 8.0)
    - "GoogleUtilities/NSData+zlib (~> 8.0)"
  - FirebaseRemoteConfigInterop (11.2.0)
  - FirebaseSessions (11.2.0):
    - FirebaseCore (~> 11.0)
    - FirebaseCoreExtension (~> 11.0)
    - FirebaseInstallations (~> 11.0)
    - GoogleDataTransport (~> 10.0)
    - GoogleUtilities/Environment (~> 8.0)
    - GoogleUtilities/UserDefaults (~> 8.0)
    - nanopb (~> 3.30910.0)
    - PromisesSwift (~> 2.1)
  - FirebaseSharedSwift (11.2.0)
  - Flutter (1.0.0)
  - flutter_native_splash (0.0.1):
    - Flutter
  - google_sign_in_ios (0.0.1):
    - AppAuth (>= 1.7.4)
    - Flutter
    - FlutterMacOS
    - GoogleSignIn (~> 7.1)
    - GTMSessionFetcher (>= 3.4.0)
  - GoogleAppMeasurement (11.2.0):
    - GoogleAppMeasurement/AdIdSupport (= 11.2.0)
    - GoogleUtilities/AppDelegateSwizzler (~> 8.0)
    - GoogleUtilities/MethodSwizzler (~> 8.0)
    - GoogleUtilities/Network (~> 8.0)
    - "GoogleUtilities/NSData+zlib (~> 8.0)"
    - nanopb (~> 3.30910.0)
  - GoogleAppMeasurement/AdIdSupport (11.2.0):
    - GoogleAppMeasurement/WithoutAdIdSupport (= 11.2.0)
    - GoogleUtilities/AppDelegateSwizzler (~> 8.0)
    - GoogleUtilities/MethodSwizzler (~> 8.0)
    - GoogleUtilities/Network (~> 8.0)
    - "GoogleUtilities/NSData+zlib (~> 8.0)"
    - nanopb (~> 3.30910.0)
  - GoogleAppMeasurement/WithoutAdIdSupport (11.2.0):
    - GoogleUtilities/AppDelegateSwizzler (~> 8.0)
    - GoogleUtilities/MethodSwizzler (~> 8.0)
    - GoogleUtilities/Network (~> 8.0)
    - "GoogleUtilities/NSData+zlib (~> 8.0)"
    - nanopb (~> 3.30910.0)
  - GoogleDataTransport (10.1.0):
    - nanopb (~> 3.30910.0)
    - PromisesObjC (~> 2.4)
  - GoogleSignIn (7.1.0):
    - AppAuth (< 2.0, >= 1.7.3)
    - GTMAppAuth (< 5.0, >= 4.1.1)
    - GTMSessionFetcher/Core (~> 3.3)
  - GoogleUtilities/AppDelegateSwizzler (8.0.2):
    - GoogleUtilities/Environment
    - GoogleUtilities/Logger
    - GoogleUtilities/Network
    - GoogleUtilities/Privacy
  - GoogleUtilities/Environment (8.0.2):
    - GoogleUtilities/Privacy
  - GoogleUtilities/Logger (8.0.2):
    - GoogleUtilities/Environment
    - GoogleUtilities/Privacy
  - GoogleUtilities/MethodSwizzler (8.0.2):
    - GoogleUtilities/Logger
    - GoogleUtilities/Privacy
  - GoogleUtilities/Network (8.0.2):
    - GoogleUtilities/Logger
    - "GoogleUtilities/NSData+zlib"
    - GoogleUtilities/Privacy
    - GoogleUtilities/Reachability
  - "GoogleUtilities/NSData+zlib (8.0.2)":
    - GoogleUtilities/Privacy
  - GoogleUtilities/Privacy (8.0.2)
  - GoogleUtilities/Reachability (8.0.2):
    - GoogleUtilities/Logger
    - GoogleUtilities/Privacy
  - GoogleUtilities/UserDefaults (8.0.2):
    - GoogleUtilities/Logger
    - GoogleUtilities/Privacy
  - GTMAppAuth (4.1.1):
    - AppAuth/Core (~> 1.7)
    - GTMSessionFetcher/Core (< 4.0, >= 3.3)
  - GTMSessionFetcher (3.5.0):
    - GTMSessionFetcher/Full (= 3.5.0)
  - GTMSessionFetcher/Core (3.5.0)
  - GTMSessionFetcher/Full (3.5.0):
    - GTMSessionFetcher/Core
  - IosAwnCore (0.9.3)
  - isar_flutter_libs (1.0.0):
    - Flutter
  - nanopb (3.30910.0):
    - nanopb/decode (= 3.30910.0)
    - nanopb/encode (= 3.30910.0)
  - nanopb/decode (3.30910.0)
  - nanopb/encode (3.30910.0)
  - path_provider_foundation (0.0.1):
    - Flutter
    - FlutterMacOS
  - PromisesObjC (2.4.0)
  - PromisesSwift (2.4.0):
    - PromisesObjC (= 2.4.0)
  - RecaptchaInterop (100.0.0)
  - share_plus (0.0.1):
    - Flutter
  - sqflite (0.0.3):
    - Flutter
    - FlutterMacOS
  - url_launcher_ios (0.0.1):
    - Flutter

DEPENDENCIES:
  - appinio_social_share (from `.symlinks/plugins/appinio_social_share/ios`)
  - awesome_notifications (from `.symlinks/plugins/awesome_notifications/ios`)
  - firebase_analytics (from `.symlinks/plugins/firebase_analytics/ios`)
  - firebase_auth (from `.symlinks/plugins/firebase_auth/ios`)
  - firebase_core (from `.symlinks/plugins/firebase_core/ios`)
  - firebase_crashlytics (from `.symlinks/plugins/firebase_crashlytics/ios`)
  - firebase_remote_config (from `.symlinks/plugins/firebase_remote_config/ios`)
  - Flutter (from `Flutter`)
  - flutter_native_splash (from `.symlinks/plugins/flutter_native_splash/ios`)
  - google_sign_in_ios (from `.symlinks/plugins/google_sign_in_ios/darwin`)
  - isar_flutter_libs (from `.symlinks/plugins/isar_flutter_libs/ios`)
  - path_provider_foundation (from `.symlinks/plugins/path_provider_foundation/darwin`)
  - share_plus (from `.symlinks/plugins/share_plus/ios`)
  - sqflite (from `.symlinks/plugins/sqflite/darwin`)
  - url_launcher_ios (from `.symlinks/plugins/url_launcher_ios/ios`)

SPEC REPOS:
  trunk:
    - AppAuth
    - FBAEMKit
    - FBSDKCoreKit
    - FBSDKCoreKit_Basics
    - FBSDKShareKit
    - Firebase
    - FirebaseABTesting
    - FirebaseAnalytics
    - FirebaseAppCheckInterop
    - FirebaseAuth
    - FirebaseAuthInterop
    - FirebaseCore
    - FirebaseCoreExtension
    - FirebaseCoreInternal
    - FirebaseCrashlytics
    - FirebaseInstallations
    - FirebaseRemoteConfig
    - FirebaseRemoteConfigInterop
    - FirebaseSessions
    - FirebaseSharedSwift
    - GoogleAppMeasurement
    - GoogleDataTransport
    - GoogleSignIn
    - GoogleUtilities
    - GTMAppAuth
    - GTMSessionFetcher
    - IosAwnCore
    - nanopb
    - PromisesObjC
    - PromisesSwift
    - RecaptchaInterop

EXTERNAL SOURCES:
  appinio_social_share:
    :path: ".symlinks/plugins/appinio_social_share/ios"
  awesome_notifications:
    :path: ".symlinks/plugins/awesome_notifications/ios"
  firebase_analytics:
    :path: ".symlinks/plugins/firebase_analytics/ios"
  firebase_auth:
    :path: ".symlinks/plugins/firebase_auth/ios"
  firebase_core:
    :path: ".symlinks/plugins/firebase_core/ios"
  firebase_crashlytics:
    :path: ".symlinks/plugins/firebase_crashlytics/ios"
  firebase_remote_config:
    :path: ".symlinks/plugins/firebase_remote_config/ios"
  Flutter:
    :path: Flutter
  flutter_native_splash:
    :path: ".symlinks/plugins/flutter_native_splash/ios"
  google_sign_in_ios:
    :path: ".symlinks/plugins/google_sign_in_ios/darwin"
  isar_flutter_libs:
    :path: ".symlinks/plugins/isar_flutter_libs/ios"
  path_provider_foundation:
    :path: ".symlinks/plugins/path_provider_foundation/darwin"
  share_plus:
    :path: ".symlinks/plugins/share_plus/ios"
  sqflite:
    :path: ".symlinks/plugins/sqflite/darwin"
  url_launcher_ios:
    :path: ".symlinks/plugins/url_launcher_ios/ios"

SPEC CHECKSUMS:
  AppAuth: 501c04eda8a8d11f179dbe8637b7a91bb7e5d2fa
  appinio_social_share: 2bc54f484f240a8d7e4bcb3260e6f11921ad64c7
  awesome_notifications: 66d28ab7174ca2823b04d275cb043e0a4a3eb9cf
  FBAEMKit: 619f96ea65427e8afca240d5b0f4703738dfdf5c
  FBSDKCoreKit: a5f384db2e9ee84e98494fed8f983d2bd79accff
  FBSDKCoreKit_Basics: d35c775aaf243a2d731dfae7be3a74b1987285ab
  FBSDKShareKit: e7ec3bed8e82dabc04e56f3cf44ef99a1864309e
  Firebase: 98e6bf5278170668a7983e12971a66b2cd57fc8c
  firebase_analytics: fbc57838bdb94eef1e0ff504f127d974ff2981ad
  firebase_auth: 0c77e299a8f2d1c74d1b1f6b78b3d4d802c19f47
  firebase_core: 2bedc3136ec7c7b8561c6123ed0239387b53f2af
  firebase_crashlytics: 37d104d457b51760b48504a93a12b3bf70995d77
  firebase_remote_config: d522653d828836503715498f1662901a6efcd809
  FirebaseABTesting: 2104d957ce33888a3d6f3bde298cdee376dde8f1
  FirebaseAnalytics: c36efd5710c60c17558650fa58c2066eca7e9265
  FirebaseAppCheckInterop: ea21450529cf0ebd132788dd8916a0269abc684f
  FirebaseAuth: 2a198b8cdbbbd457f08d74df7040feb0a0e7777a
  FirebaseAuthInterop: 47c09558af5d1b31f16fb352387c72d4804f4a24
  FirebaseCore: a282032ae9295c795714ded2ec9c522fc237f8da
  FirebaseCoreExtension: cda74ddfb001224bd8fd1d6e74698b4ed07803de
  FirebaseCoreInternal: 0c569513412da9f3b31bd0b340013bbee8f295c5
  FirebaseCrashlytics: cfc69af5b53565dc6a5e563788809b5778ac4eac
  FirebaseInstallations: 771177d89d6c451dc6e50085ec82e2fc77ed0a4a
  FirebaseRemoteConfig: fca0b2d017fc1de52b28a4e5bcf2007c1a840457
  FirebaseRemoteConfigInterop: 477b26fdeb8fb5fbaf22fa9db5343b42289dc7db
  FirebaseSessions: adcec8b72d0066a385e3affcd1bcb1ebb3908ce6
  FirebaseSharedSwift: 7a0d78d155ede78407f0fdc89fbc914014c7c540
  Flutter: e0871f40cf51350855a761d2e70bf5af5b9b5de7
  flutter_native_splash: edf599c81f74d093a4daf8e17bd7a018854bc778
  google_sign_in_ios: 07375bfbf2620bc93a602c0e27160d6afc6ead38
  GoogleAppMeasurement: 76d4f8b36b03bd8381fa9a7fe2cc7f99c0a2e93a
  GoogleDataTransport: aae35b7ea0c09004c3797d53c8c41f66f219d6a7
  GoogleSignIn: d4281ab6cf21542b1cfaff85c191f230b399d2db
  GoogleUtilities: 26a3abef001b6533cf678d3eb38fd3f614b7872d
  GTMAppAuth: f69bd07d68cd3b766125f7e072c45d7340dea0de
  GTMSessionFetcher: 5aea5ba6bd522a239e236100971f10cb71b96ab6
  IosAwnCore: b8601fbb37f7b3560f31b84ebf55a72f65812e05
  isar_flutter_libs: b69f437aeab9c521821c3f376198c4371fa21073
  nanopb: fad817b59e0457d11a5dfbde799381cd727c1275
  path_provider_foundation: 2b6b4c569c0fb62ec74538f866245ac84301af46
  PromisesObjC: f5707f49cb48b9636751c5b2e7d227e43fba9f47
  PromisesSwift: 9d77319bbe72ebf6d872900551f7eeba9bce2851
  RecaptchaInterop: 7d1a4a01a6b2cb1610a47ef3f85f0c411434cb21
  share_plus: 8875f4f2500512ea181eef553c3e27dba5135aad
  sqflite: 673a0e54cc04b7d6dba8d24fb8095b31c3a99eec
  url_launcher_ios: 5334b05cef931de560670eeae103fd3e431ac3fe

PODFILE CHECKSUM: cd4cb4cfe906aa332ab2c4a480b0fcad2e28660c

COCOAPODS: 1.15.2
